[[package]]
name = "inquirerpy"
version = "0.3.4"
description = "Python port of Inquirer.js (A collection of common interactive command-line user interfaces)"
category = "main"
optional = false
python-versions = ">=3.7,<4.0"

[package.dependencies]
pfzy = ">=0.3.1,<0.4.0"
prompt-toolkit = ">=3.0.1,<4.0.0"

[package.extras]
docs = ["Sphinx (>=4.1.2,<5.0.0)", "furo (>=2021.8.17-beta.43,<2022.0.0)", "myst-parser (>=0.15.1,<0.16.0)", "sphinx-autobuild (>=2021.3.14,<2022.0.0)", "sphinx-copybutton (>=0.4.0,<0.5.0)"]

[[package]]
name = "neo4j"
version = "5.2.1"
description = "Neo4j Bolt driver for Python"
category = "main"
optional = false
python-versions = ">=3.7"

[package.dependencies]
pytz = "*"

[package.extras]
pandas = ["pandas (>=1.0.0)"]

[[package]]
name = "pfzy"
version = "0.3.4"
description = "Python port of the fzy fuzzy string matching algorithm"
category = "main"
optional = false
python-versions = ">=3.7,<4.0"

[package.extras]
docs = ["Sphinx (>=4.1.2,<5.0.0)", "furo (>=2021.8.17-beta.43,<2022.0.0)", "myst-parser (>=0.15.1,<0.16.0)", "sphinx-autobuild (>=2021.3.14,<2022.0.0)", "sphinx-copybutton (>=0.4.0,<0.5.0)"]

[[package]]
name = "prompt-toolkit"
version = "3.0.32"
description = "Library for building powerful interactive command lines in Python"
category = "main"
optional = false
python-versions = ">=3.6.2"

[package.dependencies]
wcwidth = "*"

[[package]]
name = "pytz"
version = "2022.6"
description = "World timezone definitions, modern and historical"
category = "main"
optional = false
python-versions = "*"

[[package]]
name = "wcwidth"
version = "0.2.5"
description = "Measures the displayed width of unicode strings in a terminal"
category = "main"
optional = false
python-versions = "*"

[metadata]
lock-version = "1.1"
python-versions = "^3.8"
content-hash = "f60fea88f5e697be87ebf1eddfea7ff5954fe7fad174b813e67589b332741d66"

[metadata.files]
inquirerpy = [
    {file = "InquirerPy-0.3.4-py3-none-any.whl", hash = "sha256:c65fdfbac1fa00e3ee4fb10679f4d3ed7a012abf4833910e63c295827fe2a7d4"},
    {file = "InquirerPy-0.3.4.tar.gz", hash = "sha256:89d2ada0111f337483cb41ae31073108b2ec1e618a49d7110b0d7ade89fc197e"},
]
neo4j = [
    {file = "neo4j-5.2.1.tar.gz", hash = "sha256:6f9941a45624cd81629ef88abd84b15648be1487f7168c2c7774a664ef4cbb1f"},
]
pfzy = [
    {file = "pfzy-0.3.4-py3-none-any.whl", hash = "sha256:5f50d5b2b3207fa72e7ec0ef08372ef652685470974a107d0d4999fc5a903a96"},
    {file = "pfzy-0.3.4.tar.gz", hash = "sha256:717ea765dd10b63618e7298b2d98efd819e0b30cd5905c9707223dceeb94b3f1"},
]
prompt-toolkit = [
    {file = "prompt_toolkit-3.0.32-py3-none-any.whl", hash = "sha256:24becda58d49ceac4dc26232eb179ef2b21f133fecda7eed6018d341766ed76e"},
    {file = "prompt_toolkit-3.0.32.tar.gz", hash = "sha256:e7f2129cba4ff3b3656bbdda0e74ee00d2f874a8bcdb9dd16f5fec7b3e173cae"},
]
pytz = [
    {file = "pytz-2022.6-py2.py3-none-any.whl", hash = "sha256:222439474e9c98fced559f1709d89e6c9cbf8d79c794ff3eb9f8800064291427"},
    {file = "pytz-2022.6.tar.gz", hash = "sha256:e89512406b793ca39f5971bc999cc538ce125c0e51c27941bef4568b460095e2"},
]
wcwidth = [
    {file = "wcwidth-0.2.5-py2.py3-none-any.whl", hash = "sha256:beb4802a9cebb9144e99086eff703a642a13d6a0052920003a230f3294bbe784"},
    {file = "wcwidth-0.2.5.tar.gz", hash = "sha256:c4d647b99872929fdb7bdcaa4fbe7f01413ed3d98077df798530e5b04f116c83"},
]
